// !$*UTF8*$!
{
	archiveVersion = 1;
	classes = {
	};
	objectVersion = 51;
	objects = {

/* Begin PBXBuildFile section */
		C3181B3824F426E4008C1F2E /* K.swift in Sources */ = {isa = PBXBuildFile; fileRef = C3181B3724F426E4008C1F2E /* K.swift */; };
		C3181B3B24F42A89008C1F2E /* TileCell.swift in Sources */ = {isa = PBXBuildFile; fileRef = C3181B3924F42A89008C1F2E /* TileCell.swift */; };
		C3181B3C24F42A89008C1F2E /* TileCell.xib in Resources */ = {isa = PBXBuildFile; fileRef = C3181B3A24F42A89008C1F2E /* TileCell.xib */; };
		C318501924FFF1A900D06104 /* MovieData.swift in Sources */ = {isa = PBXBuildFile; fileRef = C318501824FFF1A900D06104 /* MovieData.swift */; };
		C395F20F24F6AD25003D528C /* Movie.swift in Sources */ = {isa = PBXBuildFile; fileRef = C395F20E24F6AD25003D528C /* Movie.swift */; };
		C3A09E6D24F41A600016C491 /* AppDelegate.swift in Sources */ = {isa = PBXBuildFile; fileRef = C3A09E6C24F41A600016C491 /* AppDelegate.swift */; };
		C3A09E6F24F41A600016C491 /* SceneDelegate.swift in Sources */ = {isa = PBXBuildFile; fileRef = C3A09E6E24F41A600016C491 /* SceneDelegate.swift */; };
		C3A09E7124F41A600016C491 /* TilesViewController.swift in Sources */ = {isa = PBXBuildFile; fileRef = C3A09E7024F41A600016C491 /* TilesViewController.swift */; };
		C3A09E7424F41A600016C491 /* Main.storyboard in Resources */ = {isa = PBXBuildFile; fileRef = C3A09E7224F41A600016C491 /* Main.storyboard */; };
		C3A09E7624F41A610016C491 /* Assets.xcassets in Resources */ = {isa = PBXBuildFile; fileRef = C3A09E7524F41A610016C491 /* Assets.xcassets */; };
		C3A09E7924F41A610016C491 /* LaunchScreen.storyboard in Resources */ = {isa = PBXBuildFile; fileRef = C3A09E7724F41A610016C491 /* LaunchScreen.storyboard */; };
		C3A09E8124F424A00016C491 /* Tile.swift in Sources */ = {isa = PBXBuildFile; fileRef = C3A09E8024F424A00016C491 /* Tile.swift */; };
		C3A3478F24F6C231008B6A57 /* MovieExamples.swift in Sources */ = {isa = PBXBuildFile; fileRef = C3A3478E24F6C231008B6A57 /* MovieExamples.swift */; };
		C3B9865524F82B1E00C370D5 /* ResultViewController.swift in Sources */ = {isa = PBXBuildFile; fileRef = C3B9865424F82B1E00C370D5 /* ResultViewController.swift */; };
		C3EC918B24FEA1B200AAE08B /* PickerViewController.swift in Sources */ = {isa = PBXBuildFile; fileRef = C3EC918A24FEA1B200AAE08B /* PickerViewController.swift */; };
		C3EE6E0824F5674700CD3F58 /* SearchViewController.swift in Sources */ = {isa = PBXBuildFile; fileRef = C3EE6E0724F5674700CD3F58 /* SearchViewController.swift */; };
		FE8200AECA3F53B1D34776CD /* Pods_Pass_the_Popcorn.framework in Frameworks */ = {isa = PBXBuildFile; fileRef = 3B18E045959341B98CFC6839 /* Pods_Pass_the_Popcorn.framework */; };
/* End PBXBuildFile section */

/* Begin PBXFileReference section */
		3B18E045959341B98CFC6839 /* Pods_Pass_the_Popcorn.framework */ = {isa = PBXFileReference; explicitFileType = wrapper.framework; includeInIndex = 0; path = Pods_Pass_the_Popcorn.framework; sourceTree = BUILT_PRODUCTS_DIR; };
		865394D497BB48C454887631 /* Pods-Pass the Popcorn.release.xcconfig */ = {isa = PBXFileReference; includeInIndex = 1; lastKnownFileType = text.xcconfig; name = "Pods-Pass the Popcorn.release.xcconfig"; path = "Target Support Files/Pods-Pass the Popcorn/Pods-Pass the Popcorn.release.xcconfig"; sourceTree = "<group>"; };
		B644B366FE3FF25A8694D016 /* Pods-Pass the Popcorn.debug.xcconfig */ = {isa = PBXFileReference; includeInIndex = 1; lastKnownFileType = text.xcconfig; name = "Pods-Pass the Popcorn.debug.xcconfig"; path = "Target Support Files/Pods-Pass the Popcorn/Pods-Pass the Popcorn.debug.xcconfig"; sourceTree = "<group>"; };
		C3181B3724F426E4008C1F2E /* K.swift */ = {isa = PBXFileReference; lastKnownFileType = sourcecode.swift; path = K.swift; sourceTree = "<group>"; };
		C3181B3924F42A89008C1F2E /* TileCell.swift */ = {isa = PBXFileReference; lastKnownFileType = sourcecode.swift; path = TileCell.swift; sourceTree = "<group>"; };
		C3181B3A24F42A89008C1F2E /* TileCell.xib */ = {isa = PBXFileReference; lastKnownFileType = file.xib; path = TileCell.xib; sourceTree = "<group>"; };
		C318501824FFF1A900D06104 /* MovieData.swift */ = {isa = PBXFileReference; lastKnownFileType = sourcecode.swift; name = MovieData.swift; path = "Pass the Popcorn/MovieData.swift"; sourceTree = SOURCE_ROOT; };
		C395F20E24F6AD25003D528C /* Movie.swift */ = {isa = PBXFileReference; lastKnownFileType = sourcecode.swift; path = Movie.swift; sourceTree = "<group>"; };
		C3A09E6924F41A600016C491 /* Pass the Popcorn.app */ = {isa = PBXFileReference; explicitFileType = wrapper.application; includeInIndex = 0; path = "Pass the Popcorn.app"; sourceTree = BUILT_PRODUCTS_DIR; };
		C3A09E6C24F41A600016C491 /* AppDelegate.swift */ = {isa = PBXFileReference; lastKnownFileType = sourcecode.swift; path = AppDelegate.swift; sourceTree = "<group>"; };
		C3A09E6E24F41A600016C491 /* SceneDelegate.swift */ = {isa = PBXFileReference; lastKnownFileType = sourcecode.swift; path = SceneDelegate.swift; sourceTree = "<group>"; };
		C3A09E7024F41A600016C491 /* TilesViewController.swift */ = {isa = PBXFileReference; lastKnownFileType = sourcecode.swift; path = TilesViewController.swift; sourceTree = "<group>"; };
		C3A09E7324F41A600016C491 /* Base */ = {isa = PBXFileReference; lastKnownFileType = file.storyboard; name = Base; path = Base.lproj/Main.storyboard; sourceTree = "<group>"; };
		C3A09E7524F41A610016C491 /* Assets.xcassets */ = {isa = PBXFileReference; lastKnownFileType = folder.assetcatalog; path = Assets.xcassets; sourceTree = "<group>"; };
		C3A09E7824F41A610016C491 /* Base */ = {isa = PBXFileReference; lastKnownFileType = file.storyboard; name = Base; path = Base.lproj/LaunchScreen.storyboard; sourceTree = "<group>"; };
		C3A09E7A24F41A610016C491 /* Info.plist */ = {isa = PBXFileReference; lastKnownFileType = text.plist.xml; path = Info.plist; sourceTree = "<group>"; };
		C3A09E8024F424A00016C491 /* Tile.swift */ = {isa = PBXFileReference; lastKnownFileType = sourcecode.swift; path = Tile.swift; sourceTree = "<group>"; };
		C3A3478E24F6C231008B6A57 /* MovieExamples.swift */ = {isa = PBXFileReference; lastKnownFileType = sourcecode.swift; name = MovieExamples.swift; path = "Pass the Popcorn/Controller/MovieExamples.swift"; sourceTree = SOURCE_ROOT; };
		C3B9865424F82B1E00C370D5 /* ResultViewController.swift */ = {isa = PBXFileReference; lastKnownFileType = sourcecode.swift; name = ResultViewController.swift; path = ../View/ResultViewController.swift; sourceTree = "<group>"; };
		C3EC918A24FEA1B200AAE08B /* PickerViewController.swift */ = {isa = PBXFileReference; lastKnownFileType = sourcecode.swift; name = PickerViewController.swift; path = "Pass the Popcorn/View/PickerViewController.swift"; sourceTree = SOURCE_ROOT; };
		C3EE6E0724F5674700CD3F58 /* SearchViewController.swift */ = {isa = PBXFileReference; lastKnownFileType = sourcecode.swift; name = SearchViewController.swift; path = "Pass the Popcorn/View/SearchViewController.swift"; sourceTree = SOURCE_ROOT; };
/* End PBXFileReference section */

/* Begin PBXFrameworksBuildPhase section */
		C3A09E6624F41A600016C491 /* Frameworks */ = {
			isa = PBXFrameworksBuildPhase;
			buildActionMask = 2147483647;
			files = (
				FE8200AECA3F53B1D34776CD /* Pods_Pass_the_Popcorn.framework in Frameworks */,
			);
			runOnlyForDeploymentPostprocessing = 0;
		};
/* End PBXFrameworksBuildPhase section */

/* Begin PBXGroup section */
		7B853E9F1DBFC363405D4C47 /* Pods */ = {
			isa = PBXGroup;
			children = (
				B644B366FE3FF25A8694D016 /* Pods-Pass the Popcorn.debug.xcconfig */,
				865394D497BB48C454887631 /* Pods-Pass the Popcorn.release.xcconfig */,
			);
			path = Pods;
			sourceTree = "<group>";
		};
		C3181B3D24F42A99008C1F2E /* Model */ = {
			isa = PBXGroup;
			children = (
				C3A3478E24F6C231008B6A57 /* MovieExamples.swift */,
				C3A09E8024F424A00016C491 /* Tile.swift */,
				C395F20E24F6AD25003D528C /* Movie.swift */,
				C318501824FFF1A900D06104 /* MovieData.swift */,
			);
			path = Model;
			sourceTree = "<group>";
		};
		C3181B3F24F42AAE008C1F2E /* View */ = {
			isa = PBXGroup;
			children = (
				C3A09E7224F41A600016C491 /* Main.storyboard */,
				C3181B3924F42A89008C1F2E /* TileCell.swift */,
				C3181B3A24F42A89008C1F2E /* TileCell.xib */,
			);
			path = View;
			sourceTree = "<group>";
		};
		C3181B4024F42AB6008C1F2E /* Controller */ = {
			isa = PBXGroup;
			children = (
				C3EC918A24FEA1B200AAE08B /* PickerViewController.swift */,
				C3B9865424F82B1E00C370D5 /* ResultViewController.swift */,
				C3EE6E0724F5674700CD3F58 /* SearchViewController.swift */,
				C3A09E7024F41A600016C491 /* TilesViewController.swift */,
			);
			path = Controller;
			sourceTree = "<group>";
		};
		C3A09E6024F41A600016C491 = {
			isa = PBXGroup;
			children = (
				C3A09E6B24F41A600016C491 /* Pass the Popcorn */,
				C3A09E6A24F41A600016C491 /* Products */,
				7B853E9F1DBFC363405D4C47 /* Pods */,
				D76BEEBB31BE86FCCB1B7F11 /* Frameworks */,
			);
			sourceTree = "<group>";
		};
		C3A09E6A24F41A600016C491 /* Products */ = {
			isa = PBXGroup;
			children = (
				C3A09E6924F41A600016C491 /* Pass the Popcorn.app */,
			);
			name = Products;
			sourceTree = "<group>";
		};
		C3A09E6B24F41A600016C491 /* Pass the Popcorn */ = {
			isa = PBXGroup;
			children = (
				C3A09E6C24F41A600016C491 /* AppDelegate.swift */,
				C3A09E6E24F41A600016C491 /* SceneDelegate.swift */,
				C3181B3D24F42A99008C1F2E /* Model */,
				C3181B3F24F42AAE008C1F2E /* View */,
				C3181B4024F42AB6008C1F2E /* Controller */,
				C3A09E7524F41A610016C491 /* Assets.xcassets */,
				C3A09E7724F41A610016C491 /* LaunchScreen.storyboard */,
				C3A09E7A24F41A610016C491 /* Info.plist */,
				C3181B3724F426E4008C1F2E /* K.swift */,
			);
			path = "Pass the Popcorn";
			sourceTree = "<group>";
		};
		D76BEEBB31BE86FCCB1B7F11 /* Frameworks */ = {
			isa = PBXGroup;
			children = (
				3B18E045959341B98CFC6839 /* Pods_Pass_the_Popcorn.framework */,
			);
			name = Frameworks;
			sourceTree = "<group>";
		};
/* End PBXGroup section */

/* Begin PBXNativeTarget section */
		C3A09E6824F41A600016C491 /* Pass the Popcorn */ = {
			isa = PBXNativeTarget;
			buildConfigurationList = C3A09E7D24F41A610016C491 /* Build configuration list for PBXNativeTarget "Pass the Popcorn" */;
			buildPhases = (
				DFF021768D9BECA933016B9F /* [CP] Check Pods Manifest.lock */,
				C3A09E6524F41A600016C491 /* Sources */,
				C3A09E6624F41A600016C491 /* Frameworks */,
				C3A09E6724F41A600016C491 /* Resources */,
				047430CAF06D6268ADB98FF0 /* [CP] Embed Pods Frameworks */,
			);
			buildRules = (
			);
			dependencies = (
			);
			name = "Pass the Popcorn";
			productName = "Pass the Popcorn";
			productReference = C3A09E6924F41A600016C491 /* Pass the Popcorn.app */;
			productType = "com.apple.product-type.application";
		};
/* End PBXNativeTarget section */

/* Begin PBXProject section */
		C3A09E6124F41A600016C491 /* Project object */ = {
			isa = PBXProject;
			attributes = {
				LastSwiftUpdateCheck = 1160;
				LastUpgradeCheck = 1160;
				ORGANIZATIONNAME = "Amar Saraon";
				TargetAttributes = {
					C3A09E6824F41A600016C491 = {
						CreatedOnToolsVersion = 11.6;
					};
				};
			};
			buildConfigurationList = C3A09E6424F41A600016C491 /* Build configuration list for PBXProject "Pass the Popcorn" */;
			compatibilityVersion = "Xcode 9.3";
			developmentRegion = en;
			hasScannedForEncodings = 0;
			knownRegions = (
				en,
				Base,
			);
			mainGroup = C3A09E6024F41A600016C491;
			productRefGroup = C3A09E6A24F41A600016C491 /* Products */;
			projectDirPath = "";
			projectRoot = "";
			targets = (
				C3A09E6824F41A600016C491 /* Pass the Popcorn */,
			);
		};
/* End PBXProject section */

/* Begin PBXResourcesBuildPhase section */
		C3A09E6724F41A600016C491 /* Resources */ = {
			isa = PBXResourcesBuildPhase;
			buildActionMask = 2147483647;
			files = (
				C3A09E7924F41A610016C491 /* LaunchScreen.storyboard in Resources */,
				C3A09E7624F41A610016C491 /* Assets.xcassets in Resources */,
				C3A09E7424F41A600016C491 /* Main.storyboard in Resources */,
				C3181B3C24F42A89008C1F2E /* TileCell.xib in Resources */,
			);
			runOnlyForDeploymentPostprocessing = 0;
		};
/* End PBXResourcesBuildPhase section */

/* Begin PBXShellScriptBuildPhase section */
		047430CAF06D6268ADB98FF0 /* [CP] Embed Pods Frameworks */ = {
			isa = PBXShellScriptBuildPhase;
			buildActionMask = 2147483647;
			files = (
			);
			inputFileListPaths = (
				"${PODS_ROOT}/Target Support Files/Pods-Pass the Popcorn/Pods-Pass the Popcorn-frameworks-${CONFIGURATION}-input-files.xcfilelist",
			);
			name = "[CP] Embed Pods Frameworks";
			outputFileListPaths = (
				"${PODS_ROOT}/Target Support Files/Pods-Pass the Popcorn/Pods-Pass the Popcorn-frameworks-${CONFIGURATION}-output-files.xcfilelist",
			);
			runOnlyForDeploymentPostprocessing = 0;
			shellPath = /bin/sh;
			shellScript = "\"${PODS_ROOT}/Target Support Files/Pods-Pass the Popcorn/Pods-Pass the Popcorn-frameworks.sh\"\n";
			showEnvVarsInLog = 0;
		};
		DFF021768D9BECA933016B9F /* [CP] Check Pods Manifest.lock */ = {
			isa = PBXShellScriptBuildPhase;
			buildActionMask = 2147483647;
			files = (
			);
			inputFileListPaths = (
			);
			inputPaths = (
				"${PODS_PODFILE_DIR_PATH}/Podfile.lock",
				"${PODS_ROOT}/Manifest.lock",
			);
			name = "[CP] Check Pods Manifest.lock";
			outputFileListPaths = (
			);
			outputPaths = (
				"$(DERIVED_FILE_DIR)/Pods-Pass the Popcorn-checkManifestLockResult.txt",
			);
			runOnlyForDeploymentPostprocessing = 0;
			shellPath = /bin/sh;
			shellScript = "diff \"${PODS_PODFILE_DIR_PATH}/Podfile.lock\" \"${PODS_ROOT}/Manifest.lock\" > /dev/null\nif [ $? != 0 ] ; then\n    # print error to STDERR\n    echo \"error: The sandbox is not in sync with the Podfile.lock. Run 'pod install' or update your CocoaPods installation.\" >&2\n    exit 1\nfi\n# This output is used by Xcode 'outputs' to avoid re-running this script phase.\necho \"SUCCESS\" > \"${SCRIPT_OUTPUT_FILE_0}\"\n";
			showEnvVarsInLog = 0;
		};
/* End PBXShellScriptBuildPhase section */

/* Begin PBXSourcesBuildPhase section */
		C3A09E6524F41A600016C491 /* Sources */ = {
			isa = PBXSourcesBuildPhase;
			buildActionMask = 2147483647;
			files = (
				C318501924FFF1A900D06104 /* MovieData.swift in Sources */,
				C3A09E7124F41A600016C491 /* TilesViewController.swift in Sources */,
				C3EE6E0824F5674700CD3F58 /* SearchViewController.swift in Sources */,
				C3A3478F24F6C231008B6A57 /* MovieExamples.swift in Sources */,
				C3181B3824F426E4008C1F2E /* K.swift in Sources */,
				C3A09E6D24F41A600016C491 /* AppDelegate.swift in Sources */,
				C3B9865524F82B1E00C370D5 /* ResultViewController.swift in Sources */,
				C3A09E6F24F41A600016C491 /* SceneDelegate.swift in Sources */,
				C3EC918B24FEA1B200AAE08B /* PickerViewController.swift in Sources */,
				C3A09E8124F424A00016C491 /* Tile.swift in Sources */,
				C395F20F24F6AD25003D528C /* Movie.swift in Sources */,
				C3181B3B24F42A89008C1F2E /* TileCell.swift in Sources */,
			);
			runOnlyForDeploymentPostprocessing = 0;
		};
/* End PBXSourcesBuildPhase section */

/* Begin PBXVariantGroup section */
		C3A09E7224F41A600016C491 /* Main.storyboard */ = {
			isa = PBXVariantGroup;
			children = (
				C3A09E7324F41A600016C491 /* Base */,
			);
			name = Main.storyboard;
			sourceTree = "<group>";
		};
		C3A09E7724F41A610016C491 /* LaunchScreen.storyboard */ = {
			isa = PBXVariantGroup;
			children = (
				C3A09E7824F41A610016C491 /* Base */,
			);
			name = LaunchScreen.storyboard;
			sourceTree = "<group>";
		};
/* End PBXVariantGroup section */

/* Begin XCBuildConfiguration section */
		C3A09E7B24F41A610016C491 /* Debug */ = {
			isa = XCBuildConfiguration;
			buildSettings = {
				ALWAYS_SEARCH_USER_PATHS = NO;
				CLANG_ANALYZER_NONNULL = YES;
				CLANG_ANALYZER_NUMBER_OBJECT_CONVERSION = YES_AGGRESSIVE;
				CLANG_CXX_LANGUAGE_STANDARD = "gnu++14";
				CLANG_CXX_LIBRARY = "libc++";
				CLANG_ENABLE_MODULES = YES;
				CLANG_ENABLE_OBJC_ARC = YES;
				CLANG_ENABLE_OBJC_WEAK = YES;
				CLANG_WARN_BLOCK_CAPTURE_AUTORELEASING = YES;
				CLANG_WARN_BOOL_CONVERSION = YES;
				CLANG_WARN_COMMA = YES;
				CLANG_WARN_CONSTANT_CONVERSION = YES;
				CLANG_WARN_DEPRECATED_OBJC_IMPLEMENTATIONS = YES;
				CLANG_WARN_DIRECT_OBJC_ISA_USAGE = YES_ERROR;
				CLANG_WARN_DOCUMENTATION_COMMENTS = YES;
				CLANG_WARN_EMPTY_BODY = YES;
				CLANG_WARN_ENUM_CONVERSION = YES;
				CLANG_WARN_INFINITE_RECURSION = YES;
				CLANG_WARN_INT_CONVERSION = YES;
				CLANG_WARN_NON_LITERAL_NULL_CONVERSION = YES;
				CLANG_WARN_OBJC_IMPLICIT_RETAIN_SELF = YES;
				CLANG_WARN_OBJC_LITERAL_CONVERSION = YES;
				CLANG_WARN_OBJC_ROOT_CLASS = YES_ERROR;
				CLANG_WARN_RANGE_LOOP_ANALYSIS = YES;
				CLANG_WARN_STRICT_PROTOTYPES = YES;
				CLANG_WARN_SUSPICIOUS_MOVE = YES;
				CLANG_WARN_UNGUARDED_AVAILABILITY = YES_AGGRESSIVE;
				CLANG_WARN_UNREACHABLE_CODE = YES;
				CLANG_WARN__DUPLICATE_METHOD_MATCH = YES;
				COPY_PHASE_STRIP = NO;
				DEBUG_INFORMATION_FORMAT = dwarf;
				ENABLE_STRICT_OBJC_MSGSEND = YES;
				ENABLE_TESTABILITY = YES;
				GCC_C_LANGUAGE_STANDARD = gnu11;
				GCC_DYNAMIC_NO_PIC = NO;
				GCC_NO_COMMON_BLOCKS = YES;
				GCC_OPTIMIZATION_LEVEL = 0;
				GCC_PREPROCESSOR_DEFINITIONS = (
					"DEBUG=1",
					"$(inherited)",
				);
				GCC_WARN_64_TO_32_BIT_CONVERSION = YES;
				GCC_WARN_ABOUT_RETURN_TYPE = YES_ERROR;
				GCC_WARN_UNDECLARED_SELECTOR = YES;
				GCC_WARN_UNINITIALIZED_AUTOS = YES_AGGRESSIVE;
				GCC_WARN_UNUSED_FUNCTION = YES;
				GCC_WARN_UNUSED_VARIABLE = YES;
				IPHONEOS_DEPLOYMENT_TARGET = 13.6;
				MTL_ENABLE_DEBUG_INFO = INCLUDE_SOURCE;
				MTL_FAST_MATH = YES;
				ONLY_ACTIVE_ARCH = YES;
				SDKROOT = iphoneos;
				SWIFT_ACTIVE_COMPILATION_CONDITIONS = DEBUG;
				SWIFT_OPTIMIZATION_LEVEL = "-Onone";
			};
			name = Debug;
		};
		C3A09E7C24F41A610016C491 /* Release */ = {
			isa = XCBuildConfiguration;
			buildSettings = {
				ALWAYS_SEARCH_USER_PATHS = NO;
				CLANG_ANALYZER_NONNULL = YES;
				CLANG_ANALYZER_NUMBER_OBJECT_CONVERSION = YES_AGGRESSIVE;
				CLANG_CXX_LANGUAGE_STANDARD = "gnu++14";
				CLANG_CXX_LIBRARY = "libc++";
				CLANG_ENABLE_MODULES = YES;
				CLANG_ENABLE_OBJC_ARC = YES;
				CLANG_ENABLE_OBJC_WEAK = YES;
				CLANG_WARN_BLOCK_CAPTURE_AUTORELEASING = YES;
				CLANG_WARN_BOOL_CONVERSION = YES;
				CLANG_WARN_COMMA = YES;
				CLANG_WARN_CONSTANT_CONVERSION = YES;
				CLANG_WARN_DEPRECATED_OBJC_IMPLEMENTATIONS = YES;
				CLANG_WARN_DIRECT_OBJC_ISA_USAGE = YES_ERROR;
				CLANG_WARN_DOCUMENTATION_COMMENTS = YES;
				CLANG_WARN_EMPTY_BODY = YES;
				CLANG_WARN_ENUM_CONVERSION = YES;
				CLANG_WARN_INFINITE_RECURSION = YES;
				CLANG_WARN_INT_CONVERSION = YES;
				CLANG_WARN_NON_LITERAL_NULL_CONVERSION = YES;
				CLANG_WARN_OBJC_IMPLICIT_RETAIN_SELF = YES;
				CLANG_WARN_OBJC_LITERAL_CONVERSION = YES;
				CLANG_WARN_OBJC_ROOT_CLASS = YES_ERROR;
				CLANG_WARN_RANGE_LOOP_ANALYSIS = YES;
				CLANG_WARN_STRICT_PROTOTYPES = YES;
				CLANG_WARN_SUSPICIOUS_MOVE = YES;
				CLANG_WARN_UNGUARDED_AVAILABILITY = YES_AGGRESSIVE;
				CLANG_WARN_UNREACHABLE_CODE = YES;
				CLANG_WARN__DUPLICATE_METHOD_MATCH = YES;
				COPY_PHASE_STRIP = NO;
				DEBUG_INFORMATION_FORMAT = "dwarf-with-dsym";
				ENABLE_NS_ASSERTIONS = NO;
				ENABLE_STRICT_OBJC_MSGSEND = YES;
				GCC_C_LANGUAGE_STANDARD = gnu11;
				GCC_NO_COMMON_BLOCKS = YES;
				GCC_WARN_64_TO_32_BIT_CONVERSION = YES;
				GCC_WARN_ABOUT_RETURN_TYPE = YES_ERROR;
				GCC_WARN_UNDECLARED_SELECTOR = YES;
				GCC_WARN_UNINITIALIZED_AUTOS = YES_AGGRESSIVE;
				GCC_WARN_UNUSED_FUNCTION = YES;
				GCC_WARN_UNUSED_VARIABLE = YES;
				IPHONEOS_DEPLOYMENT_TARGET = 13.6;
				MTL_ENABLE_DEBUG_INFO = NO;
				MTL_FAST_MATH = YES;
				SDKROOT = iphoneos;
				SWIFT_COMPILATION_MODE = wholemodule;
				SWIFT_OPTIMIZATION_LEVEL = "-O";
				VALIDATE_PRODUCT = YES;
			};
			name = Release;
		};
		C3A09E7E24F41A610016C491 /* Debug */ = {
			isa = XCBuildConfiguration;
			baseConfigurationReference = B644B366FE3FF25A8694D016 /* Pods-Pass the Popcorn.debug.xcconfig */;
			buildSettings = {
				ASSETCATALOG_COMPILER_APPICON_NAME = AppIcon;
				CODE_SIGN_STYLE = Automatic;
				DEVELOPMENT_TEAM = 4N325VS7UT;
				INFOPLIST_FILE = "Pass the Popcorn/Info.plist";
				LD_RUNPATH_SEARCH_PATHS = (
					"$(inherited)",
					"@executable_path/Frameworks",
				);
				PRODUCT_BUNDLE_IDENTIFIER = "com.amarsaraon.Pass-the-Popcorn";
				PRODUCT_NAME = "$(TARGET_NAME)";
				SWIFT_VERSION = 5.0;
				TARGETED_DEVICE_FAMILY = "1,2";
			};
			name = Debug;
		};
		C3A09E7F24F41A610016C491 /* Release */ = {
			isa = XCBuildConfiguration;
			baseConfigurationReference = 865394D497BB48C454887631 /* Pods-Pass the Popcorn.release.xcconfig */;
			buildSettings = {
				ASSETCATALOG_COMPILER_APPICON_NAME = AppIcon;
				CODE_SIGN_STYLE = Automatic;
				DEVELOPMENT_TEAM = 4N325VS7UT;
				INFOPLIST_FILE = "Pass the Popcorn/Info.plist";
				LD_RUNPATH_SEARCH_PATHS = (
					"$(inherited)",
					"@executable_path/Frameworks",
				);
				PRODUCT_BUNDLE_IDENTIFIER = "com.amarsaraon.Pass-the-Popcorn";
				PRODUCT_NAME = "$(TARGET_NAME)";
				SWIFT_VERSION = 5.0;
				TARGETED_DEVICE_FAMILY = "1,2";
			};
			name = Release;
		};
/* End XCBuildConfiguration section */

/* Begin XCConfigurationList section */
		C3A09E6424F41A600016C491 /* Build configuration list for PBXProject "Pass the Popcorn" */ = {
			isa = XCConfigurationList;
			buildConfigurations = (
				C3A09E7B24F41A610016C491 /* Debug */,
				C3A09E7C24F41A610016C491 /* Release */,
			);
			defaultConfigurationIsVisible = 0;
			defaultConfigurationName = Release;
		};
		C3A09E7D24F41A610016C491 /* Build configuration list for PBXNativeTarget "Pass the Popcorn" */ = {
			isa = XCConfigurationList;
			buildConfigurations = (
				C3A09E7E24F41A610016C491 /* Debug */,
				C3A09E7F24F41A610016C491 /* Release */,
			);
			defaultConfigurationIsVisible = 0;
			defaultConfigurationName = Release;
		};
/* End XCConfigurationList section */
	};
	rootObject = C3A09E6124F41A600016C491 /* Project object */;
}
